
Microsoft Visual Studio Solution File, Format Version 12.00
# Visual Studio Version 17
VisualStudioVersion = 17.9.34622.214
MinimumVisualStudioVersion = 10.0.40219.1
Project("{FAE04EC0-301F-11D3-BF4B-00C04F79EFBC}") = "ContactsAPI", "ContactsAPI.csproj", "{D882D6F9-F5D2-4E69-BD62-F2CB99508180}"
EndProject
Global
	GlobalSection(SolutionConfigurationPlatforms) = preSolution
		Debug|Any CPU = Debug|Any CPU
		Release|Any CPU = Release|Any CPU
	EndGlobalSection
	GlobalSection(ProjectConfigurationPlatforms) = postSolution
		{D882D6F9-F5D2-4E69-BD62-F2CB99508180}.Debug|Any CPU.ActiveCfg = Debug|Any CPU
		{D882D6F9-F5D2-4E69-BD62-F2CB99508180}.Debug|Any CPU.Build.0 = Debug|Any CPU
		{D882D6F9-F5D2-4E69-BD62-F2CB99508180}.Release|Any CPU.ActiveCfg = Release|Any CPU
		{D882D6F9-F5D2-4E69-BD62-F2CB99508180}.Release|Any CPU.Build.0 = Release|Any CPU
	EndGlobalSection
	GlobalSection(SolutionProperties) = preSolution
		HideSolutionNode = FALSE
	EndGlobalSection
	GlobalSection(ExtensibilityGlobals) = postSolution
		SolutionGuid = {197AD9B2-0FB5-410D-959B-189ED3616625}
	EndGlobalSection
EndGlobal
